github.com/ButterCMS/buttercms-go v1.2.2 h1:t1GY6tdo5/tRdNkt+T8PK8zjRiBvPvYCJGrvG/pupIg=
github.com/ButterCMS/buttercms-go v1.2.2/go.mod h1:iXk5IwByWfoywTr4W03qsydK/geOIwabsWiadWahexE=
github.com/joho/godotenv v1.4.0 h1:3l4+N6zfMWnkbPEXKng2o2/MR5mSwTrBih4ZEkkz1lg=
github.com/joho/godotenv v1.4.0/go.mod h1:f4LDr5Voq0i2e/R5DDNOoa2zzDfwtkZa6DnEwAbqwq4=
