github.com/ButterCMS/buttercms-go v1.2.3 h1:5g+wcTa7pj5xbbp9TPd300Iusn2w7ZFlQXvPzX8JHsQ=
github.com/ButterCMS/buttercms-go v1.2.3/go.mod h1:iXk5IwByWfoywTr4W03qsydK/geOIwabsWiadWahexE=
github.com/joho/godotenv v1.4.0 h1:3l4+N6zfMWnkbPEXKng2o2/MR5mSwTrBih4ZEkkz1lg=
github.com/joho/godotenv v1.4.0/go.mod h1:f4LDr5Voq0i2e/R5DDNOoa2zzDfwtkZa6DnEwAbqwq4=
github.com/joho/godotenv v1.5.1 h1:7eLL/+HRGLY0ldzfGMeQkb7vMd0as4CfYvUVzLqw0N0=
github.com/joho/godotenv v1.5.1/go.mod h1:f4LDr5Voq0i2e/R5DDNOoa2zzDfwtkZa6DnEwAbqwq4=
